
Microsoft Visual Studio Solution File, Format Version 12.00
# Visual Studio Version 17
VisualStudioVersion = 17.7.34031.279
MinimumVisualStudioVersion = 10.0.40219.1
Project("{FAE04EC0-301F-11D3-BF4B-00C04F79EFBC}") = "wpfWindowsResources", "wpfWindowsResources\wpfWindowsResources.csproj", "{FE113E6D-0DEC-4BB4-9F7F-80433C17A1FE}"
EndProject
Global
	GlobalSection(SolutionConfigurationPlatforms) = preSolution
		Debug|Any CPU = Debug|Any CPU
		Release|Any CPU = Release|Any CPU
	EndGlobalSection
	GlobalSection(ProjectConfigurationPlatforms) = postSolution
		{FE113E6D-0DEC-4BB4-9F7F-80433C17A1FE}.Debug|Any CPU.ActiveCfg = Debug|Any CPU
		{FE113E6D-0DEC-4BB4-9F7F-80433C17A1FE}.Debug|Any CPU.Build.0 = Debug|Any CPU
		{FE113E6D-0DEC-4BB4-9F7F-80433C17A1FE}.Release|Any CPU.ActiveCfg = Release|Any CPU
		{FE113E6D-0DEC-4BB4-9F7F-80433C17A1FE}.Release|Any CPU.Build.0 = Release|Any CPU
	EndGlobalSection
	GlobalSection(SolutionProperties) = preSolution
		HideSolutionNode = FALSE
	EndGlobalSection
	GlobalSection(ExtensibilityGlobals) = postSolution
		SolutionGuid = {F727B4E3-3D07-4451-9D86-2C4F777BC4F1}
	EndGlobalSection
EndGlobal
