
Microsoft Visual Studio Solution File, Format Version 12.00
# Visual Studio Version 17
VisualStudioVersion = 17.7.34031.279
MinimumVisualStudioVersion = 10.0.40219.1
Project("{FAE04EC0-301F-11D3-BF4B-00C04F79EFBC}") = "cnsDrawShapes", "cnsDrawShapes\cnsDrawShapes.csproj", "{F31711C3-6DA2-474D-B66B-01CFF75A9737}"
EndProject
Global
	GlobalSection(SolutionConfigurationPlatforms) = preSolution
		Debug|Any CPU = Debug|Any CPU
		Release|Any CPU = Release|Any CPU
	EndGlobalSection
	GlobalSection(ProjectConfigurationPlatforms) = postSolution
		{F31711C3-6DA2-474D-B66B-01CFF75A9737}.Debug|Any CPU.ActiveCfg = Debug|Any CPU
		{F31711C3-6DA2-474D-B66B-01CFF75A9737}.Debug|Any CPU.Build.0 = Debug|Any CPU
		{F31711C3-6DA2-474D-B66B-01CFF75A9737}.Release|Any CPU.ActiveCfg = Release|Any CPU
		{F31711C3-6DA2-474D-B66B-01CFF75A9737}.Release|Any CPU.Build.0 = Release|Any CPU
	EndGlobalSection
	GlobalSection(SolutionProperties) = preSolution
		HideSolutionNode = FALSE
	EndGlobalSection
	GlobalSection(ExtensibilityGlobals) = postSolution
		SolutionGuid = {8B9F54EC-CA91-4EF5-A277-A769884334B9}
	EndGlobalSection
EndGlobal
