
Microsoft Visual Studio Solution File, Format Version 12.00
# Visual Studio Version 17
VisualStudioVersion = 17.7.34031.279
MinimumVisualStudioVersion = 10.0.40219.1
Project("{FAE04EC0-301F-11D3-BF4B-00C04F79EFBC}") = "cnsParse", "cnsParse\cnsParse.csproj", "{F1FB250C-6453-4B97-97AE-9420C215D946}"
EndProject
Global
	GlobalSection(SolutionConfigurationPlatforms) = preSolution
		Debug|Any CPU = Debug|Any CPU
		Release|Any CPU = Release|Any CPU
	EndGlobalSection
	GlobalSection(ProjectConfigurationPlatforms) = postSolution
		{F1FB250C-6453-4B97-97AE-9420C215D946}.Debug|Any CPU.ActiveCfg = Debug|Any CPU
		{F1FB250C-6453-4B97-97AE-9420C215D946}.Debug|Any CPU.Build.0 = Debug|Any CPU
		{F1FB250C-6453-4B97-97AE-9420C215D946}.Release|Any CPU.ActiveCfg = Release|Any CPU
		{F1FB250C-6453-4B97-97AE-9420C215D946}.Release|Any CPU.Build.0 = Release|Any CPU
	EndGlobalSection
	GlobalSection(SolutionProperties) = preSolution
		HideSolutionNode = FALSE
	EndGlobalSection
	GlobalSection(ExtensibilityGlobals) = postSolution
		SolutionGuid = {6502C74B-9A6D-4958-AEED-FBF54C6E52A9}
	EndGlobalSection
EndGlobal
