
Microsoft Visual Studio Solution File, Format Version 12.00
# Visual Studio Version 17
VisualStudioVersion = 17.7.34031.279
MinimumVisualStudioVersion = 10.0.40219.1
Project("{FAE04EC0-301F-11D3-BF4B-00C04F79EFBC}") = "wfaGameTrainerAccount", "wfaGameTrainerAccount\wfaGameTrainerAccount.csproj", "{B5BD9675-3FFE-482F-BD23-37DD6FDDE37C}"
EndProject
Global
	GlobalSection(SolutionConfigurationPlatforms) = preSolution
		Debug|Any CPU = Debug|Any CPU
		Release|Any CPU = Release|Any CPU
	EndGlobalSection
	GlobalSection(ProjectConfigurationPlatforms) = postSolution
		{B5BD9675-3FFE-482F-BD23-37DD6FDDE37C}.Debug|Any CPU.ActiveCfg = Debug|Any CPU
		{B5BD9675-3FFE-482F-BD23-37DD6FDDE37C}.Debug|Any CPU.Build.0 = Debug|Any CPU
		{B5BD9675-3FFE-482F-BD23-37DD6FDDE37C}.Release|Any CPU.ActiveCfg = Release|Any CPU
		{B5BD9675-3FFE-482F-BD23-37DD6FDDE37C}.Release|Any CPU.Build.0 = Release|Any CPU
	EndGlobalSection
	GlobalSection(SolutionProperties) = preSolution
		HideSolutionNode = FALSE
	EndGlobalSection
	GlobalSection(ExtensibilityGlobals) = postSolution
		SolutionGuid = {E8E946FC-3FA9-46A2-8332-3DFB34CBA277}
	EndGlobalSection
EndGlobal
