
Microsoft Visual Studio Solution File, Format Version 12.00
# Visual Studio Version 17
VisualStudioVersion = 17.7.34031.279
MinimumVisualStudioVersion = 10.0.40219.1
Project("{FAE04EC0-301F-11D3-BF4B-00C04F79EFBC}") = "cnsMethodExt", "cnsMethodExt\cnsMethodExt.csproj", "{444528B3-F6B4-4CC7-864F-15CD2514F2C1}"
EndProject
Global
	GlobalSection(SolutionConfigurationPlatforms) = preSolution
		Debug|Any CPU = Debug|Any CPU
		Release|Any CPU = Release|Any CPU
	EndGlobalSection
	GlobalSection(ProjectConfigurationPlatforms) = postSolution
		{444528B3-F6B4-4CC7-864F-15CD2514F2C1}.Debug|Any CPU.ActiveCfg = Debug|Any CPU
		{444528B3-F6B4-4CC7-864F-15CD2514F2C1}.Debug|Any CPU.Build.0 = Debug|Any CPU
		{444528B3-F6B4-4CC7-864F-15CD2514F2C1}.Release|Any CPU.ActiveCfg = Release|Any CPU
		{444528B3-F6B4-4CC7-864F-15CD2514F2C1}.Release|Any CPU.Build.0 = Release|Any CPU
	EndGlobalSection
	GlobalSection(SolutionProperties) = preSolution
		HideSolutionNode = FALSE
	EndGlobalSection
	GlobalSection(ExtensibilityGlobals) = postSolution
		SolutionGuid = {81A8492D-206C-474A-9122-B98F202ABA61}
	EndGlobalSection
EndGlobal
