
Microsoft Visual Studio Solution File, Format Version 12.00
# Visual Studio Version 17
VisualStudioVersion = 17.8.34330.188
MinimumVisualStudioVersion = 10.0.40219.1
Project("{FAE04EC0-301F-11D3-BF4B-00C04F79EFBC}") = "wfaMyGraphics", "wfaMyGraphics\wfaMyGraphics.csproj", "{C05E200C-C60A-4A4C-A6E3-F27ACDF1025C}"
EndProject
Global
	GlobalSection(SolutionConfigurationPlatforms) = preSolution
		Debug|Any CPU = Debug|Any CPU
		Release|Any CPU = Release|Any CPU
	EndGlobalSection
	GlobalSection(ProjectConfigurationPlatforms) = postSolution
		{C05E200C-C60A-4A4C-A6E3-F27ACDF1025C}.Debug|Any CPU.ActiveCfg = Debug|Any CPU
		{C05E200C-C60A-4A4C-A6E3-F27ACDF1025C}.Debug|Any CPU.Build.0 = Debug|Any CPU
		{C05E200C-C60A-4A4C-A6E3-F27ACDF1025C}.Release|Any CPU.ActiveCfg = Release|Any CPU
		{C05E200C-C60A-4A4C-A6E3-F27ACDF1025C}.Release|Any CPU.Build.0 = Release|Any CPU
	EndGlobalSection
	GlobalSection(SolutionProperties) = preSolution
		HideSolutionNode = FALSE
	EndGlobalSection
	GlobalSection(ExtensibilityGlobals) = postSolution
		SolutionGuid = {66B02798-AD2E-4137-9533-BBC022A3ADB5}
	EndGlobalSection
EndGlobal
