
Microsoft Visual Studio Solution File, Format Version 12.00
# Visual Studio Version 17
VisualStudioVersion = 17.7.34031.279
MinimumVisualStudioVersion = 10.0.40219.1
Project("{FAE04EC0-301F-11D3-BF4B-00C04F79EFBC}") = "cnsDrawSnail", "cnsDrawSnail\cnsDrawSnail.csproj", "{B6DEEE37-1C8E-4E9E-A69C-D1C9AD157348}"
EndProject
Global
	GlobalSection(SolutionConfigurationPlatforms) = preSolution
		Debug|Any CPU = Debug|Any CPU
		Release|Any CPU = Release|Any CPU
	EndGlobalSection
	GlobalSection(ProjectConfigurationPlatforms) = postSolution
		{B6DEEE37-1C8E-4E9E-A69C-D1C9AD157348}.Debug|Any CPU.ActiveCfg = Debug|Any CPU
		{B6DEEE37-1C8E-4E9E-A69C-D1C9AD157348}.Debug|Any CPU.Build.0 = Debug|Any CPU
		{B6DEEE37-1C8E-4E9E-A69C-D1C9AD157348}.Release|Any CPU.ActiveCfg = Release|Any CPU
		{B6DEEE37-1C8E-4E9E-A69C-D1C9AD157348}.Release|Any CPU.Build.0 = Release|Any CPU
	EndGlobalSection
	GlobalSection(SolutionProperties) = preSolution
		HideSolutionNode = FALSE
	EndGlobalSection
	GlobalSection(ExtensibilityGlobals) = postSolution
		SolutionGuid = {C6B06FA1-4855-4CE6-9345-FDAD73AD7572}
	EndGlobalSection
EndGlobal
