
Microsoft Visual Studio Solution File, Format Version 12.00
# Visual Studio Version 17
VisualStudioVersion = 17.7.34031.279
MinimumVisualStudioVersion = 10.0.40219.1
Project("{FAE04EC0-301F-11D3-BF4B-00C04F79EFBC}") = "wfaControlInTLP", "wfaControlInTLP\wfaControlInTLP.csproj", "{120412D3-BEE7-4AA3-93AC-4751DB601934}"
EndProject
Global
	GlobalSection(SolutionConfigurationPlatforms) = preSolution
		Debug|Any CPU = Debug|Any CPU
		Release|Any CPU = Release|Any CPU
	EndGlobalSection
	GlobalSection(ProjectConfigurationPlatforms) = postSolution
		{120412D3-BEE7-4AA3-93AC-4751DB601934}.Debug|Any CPU.ActiveCfg = Debug|Any CPU
		{120412D3-BEE7-4AA3-93AC-4751DB601934}.Debug|Any CPU.Build.0 = Debug|Any CPU
		{120412D3-BEE7-4AA3-93AC-4751DB601934}.Release|Any CPU.ActiveCfg = Release|Any CPU
		{120412D3-BEE7-4AA3-93AC-4751DB601934}.Release|Any CPU.Build.0 = Release|Any CPU
	EndGlobalSection
	GlobalSection(SolutionProperties) = preSolution
		HideSolutionNode = FALSE
	EndGlobalSection
	GlobalSection(ExtensibilityGlobals) = postSolution
		SolutionGuid = {6FDA6884-A97F-494A-A656-29646F22E203}
	EndGlobalSection
EndGlobal
